
Microsoft Visual Studio Solution File, Format Version 12.00
# Visual Studio 15
VisualStudioVersion = 15.0.26124.0
MinimumVisualStudioVersion = 15.0.26124.0
Project("{FAE04EC0-301F-11D3-BF4B-00C04F79EFBC}") = "Varbsorb", "src\Varbsorb.csproj", "{0F155664-6374-4BA3-B5E0-44F51B387DB6}"
EndProject
Project("{FAE04EC0-301F-11D3-BF4B-00C04F79EFBC}") = "Varbsorb.Tests", "tests\Varbsorb.Tests.csproj", "{5F716C56-8CFB-47D7-9311-34966FA42F6C}"
EndProject
Global
	GlobalSection(SolutionProperties) = preSolution
		HideSolutionNode = FALSE
	EndGlobalSection
	GlobalSection(SolutionConfigurationPlatforms) = preSolution
		Debug|Any CPU = Debug|Any CPU
		Debug|x64 = Debug|x64
		Debug|x86 = Debug|x86
		Release|Any CPU = Release|Any CPU
		Release|x64 = Release|x64
		Release|x86 = Release|x86
	EndGlobalSection
	GlobalSection(ProjectConfigurationPlatforms) = postSolution
		{0F155664-6374-4BA3-B5E0-44F51B387DB6}.Debug|Any CPU.ActiveCfg = Debug|Any CPU
		{0F155664-6374-4BA3-B5E0-44F51B387DB6}.Debug|Any CPU.Build.0 = Debug|Any CPU
		{0F155664-6374-4BA3-B5E0-44F51B387DB6}.Debug|x64.ActiveCfg = Debug|Any CPU
		{0F155664-6374-4BA3-B5E0-44F51B387DB6}.Debug|x64.Build.0 = Debug|Any CPU
		{0F155664-6374-4BA3-B5E0-44F51B387DB6}.Debug|x86.ActiveCfg = Debug|Any CPU
		{0F155664-6374-4BA3-B5E0-44F51B387DB6}.Debug|x86.Build.0 = Debug|Any CPU
		{0F155664-6374-4BA3-B5E0-44F51B387DB6}.Release|Any CPU.ActiveCfg = Release|Any CPU
		{0F155664-6374-4BA3-B5E0-44F51B387DB6}.Release|Any CPU.Build.0 = Release|Any CPU
		{0F155664-6374-4BA3-B5E0-44F51B387DB6}.Release|x64.ActiveCfg = Release|Any CPU
		{0F155664-6374-4BA3-B5E0-44F51B387DB6}.Release|x64.Build.0 = Release|Any CPU
		{0F155664-6374-4BA3-B5E0-44F51B387DB6}.Release|x86.ActiveCfg = Release|Any CPU
		{0F155664-6374-4BA3-B5E0-44F51B387DB6}.Release|x86.Build.0 = Release|Any CPU
		{5F716C56-8CFB-47D7-9311-34966FA42F6C}.Debug|Any CPU.ActiveCfg = Debug|Any CPU
		{5F716C56-8CFB-47D7-9311-34966FA42F6C}.Debug|Any CPU.Build.0 = Debug|Any CPU
		{5F716C56-8CFB-47D7-9311-34966FA42F6C}.Debug|x64.ActiveCfg = Debug|Any CPU
		{5F716C56-8CFB-47D7-9311-34966FA42F6C}.Debug|x64.Build.0 = Debug|Any CPU
		{5F716C56-8CFB-47D7-9311-34966FA42F6C}.Debug|x86.ActiveCfg = Debug|Any CPU
		{5F716C56-8CFB-47D7-9311-34966FA42F6C}.Debug|x86.Build.0 = Debug|Any CPU
		{5F716C56-8CFB-47D7-9311-34966FA42F6C}.Release|Any CPU.ActiveCfg = Release|Any CPU
		{5F716C56-8CFB-47D7-9311-34966FA42F6C}.Release|Any CPU.Build.0 = Release|Any CPU
		{5F716C56-8CFB-47D7-9311-34966FA42F6C}.Release|x64.ActiveCfg = Release|Any CPU
		{5F716C56-8CFB-47D7-9311-34966FA42F6C}.Release|x64.Build.0 = Release|Any CPU
		{5F716C56-8CFB-47D7-9311-34966FA42F6C}.Release|x86.ActiveCfg = Release|Any CPU
		{5F716C56-8CFB-47D7-9311-34966FA42F6C}.Release|x86.Build.0 = Release|Any CPU
	EndGlobalSection
EndGlobal
